
Microsoft Visual Studio Solution File, Format Version 12.00
# Visual Studio Version 16
VisualStudioVersion = 16.0.31205.134
MinimumVisualStudioVersion = 10.0.40219.1
Project("{8BC9CEB8-8B4A-11D0-8D11-00A0C91BC942}") = "结构体", "结构体.vcxproj", "{54093E81-0972-4BC6-AB00-2FFFE629DDD3}"
EndProject
Global
	GlobalSection(SolutionConfigurationPlatforms) = preSolution
		Debug|x64 = Debug|x64
		Debug|x86 = Debug|x86
		Release|x64 = Release|x64
		Release|x86 = Release|x86
	EndGlobalSection
	GlobalSection(ProjectConfigurationPlatforms) = postSolution
		{54093E81-0972-4BC6-AB00-2FFFE629DDD3}.Debug|x64.ActiveCfg = Debug|x64
		{54093E81-0972-4BC6-AB00-2FFFE629DDD3}.Debug|x64.Build.0 = Debug|x64
		{54093E81-0972-4BC6-AB00-2FFFE629DDD3}.Debug|x86.ActiveCfg = Debug|Win32
		{54093E81-0972-4BC6-AB00-2FFFE629DDD3}.Debug|x86.Build.0 = Debug|Win32
		{54093E81-0972-4BC6-AB00-2FFFE629DDD3}.Release|x64.ActiveCfg = Release|x64
		{54093E81-0972-4BC6-AB00-2FFFE629DDD3}.Release|x64.Build.0 = Release|x64
		{54093E81-0972-4BC6-AB00-2FFFE629DDD3}.Release|x86.ActiveCfg = Release|Win32
		{54093E81-0972-4BC6-AB00-2FFFE629DDD3}.Release|x86.Build.0 = Release|Win32
	EndGlobalSection
	GlobalSection(SolutionProperties) = preSolution
		HideSolutionNode = FALSE
	EndGlobalSection
	GlobalSection(ExtensibilityGlobals) = postSolution
		SolutionGuid = {97D87F4D-C8BD-4294-A09A-09F8A266E6B0}
	EndGlobalSection
EndGlobal
