
Microsoft Visual Studio Solution File, Format Version 12.00
# Visual Studio Version 16
VisualStudioVersion = 16.0.31205.134
MinimumVisualStudioVersion = 10.0.40219.1
Project("{8BC9CEB8-8B4A-11D0-8D11-00A0C91BC942}") = "Contact通讯录", "Contact通讯录.vcxproj", "{CC21C95B-C962-47C5-85F1-7FBB2F59D311}"
EndProject
Global
	GlobalSection(SolutionConfigurationPlatforms) = preSolution
		Debug|x64 = Debug|x64
		Debug|x86 = Debug|x86
		Release|x64 = Release|x64
		Release|x86 = Release|x86
	EndGlobalSection
	GlobalSection(ProjectConfigurationPlatforms) = postSolution
		{CC21C95B-C962-47C5-85F1-7FBB2F59D311}.Debug|x64.ActiveCfg = Debug|x64
		{CC21C95B-C962-47C5-85F1-7FBB2F59D311}.Debug|x64.Build.0 = Debug|x64
		{CC21C95B-C962-47C5-85F1-7FBB2F59D311}.Debug|x86.ActiveCfg = Debug|Win32
		{CC21C95B-C962-47C5-85F1-7FBB2F59D311}.Debug|x86.Build.0 = Debug|Win32
		{CC21C95B-C962-47C5-85F1-7FBB2F59D311}.Release|x64.ActiveCfg = Release|x64
		{CC21C95B-C962-47C5-85F1-7FBB2F59D311}.Release|x64.Build.0 = Release|x64
		{CC21C95B-C962-47C5-85F1-7FBB2F59D311}.Release|x86.ActiveCfg = Release|Win32
		{CC21C95B-C962-47C5-85F1-7FBB2F59D311}.Release|x86.Build.0 = Release|Win32
	EndGlobalSection
	GlobalSection(SolutionProperties) = preSolution
		HideSolutionNode = FALSE
	EndGlobalSection
	GlobalSection(ExtensibilityGlobals) = postSolution
		SolutionGuid = {514F512C-6A11-4A8C-8A94-A401C80B6900}
	EndGlobalSection
EndGlobal
